
Microsoft Visual Studio Solution File, Format Version 12.00
# Visual Studio Version 16
VisualStudioVersion = 16.0.35229.62
MinimumVisualStudioVersion = 10.0.40219.1
Project("{8BC9CEB8-8B4A-11D0-8D11-00A0C91BC942}") = "Souls_000", "Souls_000.vcxproj", "{1F63AC84-BB86-49CB-B0B8-CC62F1515165}"
EndProject
Global
	GlobalSection(SolutionConfigurationPlatforms) = preSolution
		Debug|x64 = Debug|x64
		Debug|x86 = Debug|x86
		Release|x64 = Release|x64
		Release|x86 = Release|x86
	EndGlobalSection
	GlobalSection(ProjectConfigurationPlatforms) = postSolution
		{1F63AC84-BB86-49CB-B0B8-CC62F1515165}.Debug|x64.ActiveCfg = Debug|x64
		{1F63AC84-BB86-49CB-B0B8-CC62F1515165}.Debug|x64.Build.0 = Debug|x64
		{1F63AC84-BB86-49CB-B0B8-CC62F1515165}.Debug|x86.ActiveCfg = Debug|Win32
		{1F63AC84-BB86-49CB-B0B8-CC62F1515165}.Debug|x86.Build.0 = Debug|Win32
		{1F63AC84-BB86-49CB-B0B8-CC62F1515165}.Release|x64.ActiveCfg = Release|x64
		{1F63AC84-BB86-49CB-B0B8-CC62F1515165}.Release|x64.Build.0 = Release|x64
		{1F63AC84-BB86-49CB-B0B8-CC62F1515165}.Release|x86.ActiveCfg = Release|Win32
		{1F63AC84-BB86-49CB-B0B8-CC62F1515165}.Release|x86.Build.0 = Release|Win32
	EndGlobalSection
	GlobalSection(SolutionProperties) = preSolution
		HideSolutionNode = FALSE
	EndGlobalSection
	GlobalSection(ExtensibilityGlobals) = postSolution
		SolutionGuid = {C65FF400-991C-4EB5-989F-B3A4F0C81053}
	EndGlobalSection
EndGlobal
